{
    "requires": true,
    "lockfileVersion": 1,
    "dependencies": {
        "fast-base64-decode": {
            "version": "1.0.0",
            "resolved": "https://registry.npmjs.org/fast-base64-decode/-/fast-base64-decode-1.0.0.tgz",
            "integrity": "sha512-qwaScUgUGBYeDNRnbc/KyllVU88Jk1pRHPStuF/lO7B0/RTRLj7U0lkdTAutlBblY08rwZDff6tNU9cjv6j//Q==",
            "dev": true
        },
        "react-native-get-random-values": {
            "version": "1.4.0",
            "resolved": "https://registry.npmjs.org/react-native-get-random-values/-/react-native-get-random-values-1.4.0.tgz",
            "integrity": "sha512-NnmEZcC5zfz+QEytFPM/fw818Hodw/BNbv7jGxU4pla4K2K9DCzG83IReMJqQ2wo552AYKguqrBG2SSn/U6rbA==",
            "dev": true,
            "requires": {
                "fast-base64-decode": "^1.0.0"
            }
        },
        "react-native-safe-area-context": {
            "version": "3.2.0",
            "resolved": "https://registry.npmjs.org/react-native-safe-area-context/-/react-native-safe-area-context-3.2.0.tgz",
            "integrity": "sha512-k2Nty4PwSnrg9HwrYeeE+EYqViYJoOFwEy9LxL5RIRfoqxAq/uQXNGwpUg2/u4gnKpBbEPa9eRh15KKMe/VHkA==",
            "dev": true
        }
    }
}
