{
    "requires": true,
    "lockfileVersion": 1,
    "dependencies": {
        "@babel/helper-plugin-utils": {
            "version": "7.16.7",
            "resolved": "https://registry.npmjs.org/@babel/helper-plugin-utils/-/helper-plugin-utils-7.16.7.tgz",
            "integrity": "sha512-Qg3Nk7ZxpgMrsox6HreY1ZNKdBq7K72tDSliA6dCl5f007jR4ne8iD5UzuNnCJH2xBf2BEEVGr+/OL6Gdp7RxA==",
            "dev": true
        },
        "@babel/plugin-transform-object-assign": {
            "version": "7.16.7",
            "resolved": "https://registry.npmjs.org/@babel/plugin-transform-object-assign/-/plugin-transform-object-assign-7.16.7.tgz",
            "integrity": "sha512-R8mawvm3x0COTJtveuoqZIjNypn2FjfvXZr4pSQ8VhEFBuQGBz4XhHasZtHXjgXU4XptZ4HtGof3NoYc93ZH9Q==",
            "dev": true,
            "requires": {
                "@babel/helper-plugin-utils": "^7.16.7"
            }
        },
        "@types/invariant": {
            "version": "2.2.35",
            "resolved": "https://registry.npmjs.org/@types/invariant/-/invariant-2.2.35.tgz",
            "integrity": "sha512-DxX1V9P8zdJPYQat1gHyY0xj3efl8gnMVjiM9iCY6y27lj+PoQWkgjt8jDqmovPqULkKVpKRg8J36iQiA+EtEg==",
            "dev": true
        },
        "fast-base64-decode": {
            "version": "1.0.0",
            "resolved": "https://registry.npmjs.org/fast-base64-decode/-/fast-base64-decode-1.0.0.tgz",
            "integrity": "sha512-qwaScUgUGBYeDNRnbc/KyllVU88Jk1pRHPStuF/lO7B0/RTRLj7U0lkdTAutlBblY08rwZDff6tNU9cjv6j//Q==",
            "dev": true
        },
        "invariant": {
            "version": "2.2.4",
            "resolved": "https://registry.npmjs.org/invariant/-/invariant-2.2.4.tgz",
            "integrity": "sha512-phJfQVBuaJM5raOpJjSfkiD6BpbCE4Ns//LaXl6wGYtUBY83nWS6Rf9tXm2e8VaK60JEjYldbPif/A2B1C2gNA==",
            "dev": true,
            "requires": {
                "loose-envify": "^1.0.0"
            }
        },
        "js-tokens": {
            "version": "4.0.0",
            "resolved": "https://registry.npmjs.org/js-tokens/-/js-tokens-4.0.0.tgz",
            "integrity": "sha512-RdJUflcE3cUzKiMqQgsCu06FPu9UdIJO0beYbPhHN4k6apgJtifcoCtT9bcxOpYBtpD2kCM6Sbzg4CausW/PKQ==",
            "dev": true
        },
        "lodash.isequal": {
            "version": "4.5.0",
            "resolved": "https://registry.npmjs.org/lodash.isequal/-/lodash.isequal-4.5.0.tgz",
            "integrity": "sha1-QVxEePK8wwEgwizhDtMib30+GOA=",
            "dev": true
        },
        "loose-envify": {
            "version": "1.4.0",
            "resolved": "https://registry.npmjs.org/loose-envify/-/loose-envify-1.4.0.tgz",
            "integrity": "sha512-lyuxPGr/Wfhrlem2CL/UcnUc1zcqKAImBDzukY7Y5F/yQiNdko6+fRLevlw1HgMySw7f611UIY408EtxRSoK3Q==",
            "dev": true,
            "requires": {
                "js-tokens": "^3.0.0 || ^4.0.0"
            }
        },
        "mockdate": {
            "version": "3.0.5",
            "resolved": "https://registry.npmjs.org/mockdate/-/mockdate-3.0.5.tgz",
            "integrity": "sha512-iniQP4rj1FhBdBYS/+eQv7j1tadJ9lJtdzgOpvsOHng/GbcDh2Fhdeq+ZRldrPYdXvCyfFUmFeEwEGXZB5I/AQ==",
            "dev": true
        },
        "react-freeze": {
            "version": "1.0.0",
            "resolved": "https://registry.npmjs.org/react-freeze/-/react-freeze-1.0.0.tgz",
            "integrity": "sha512-yQaiOqDmoKqks56LN9MTgY06O0qQHgV4FUrikH357DydArSZHQhl0BJFqGKIZoTqi8JizF9Dxhuk1FIZD6qCaw==",
            "dev": true
        },
        "react-native-get-random-values": {
            "version": "1.4.0",
            "resolved": "https://registry.npmjs.org/react-native-get-random-values/-/react-native-get-random-values-1.4.0.tgz",
            "integrity": "sha512-NnmEZcC5zfz+QEytFPM/fw818Hodw/BNbv7jGxU4pla4K2K9DCzG83IReMJqQ2wo552AYKguqrBG2SSn/U6rbA==",
            "dev": true,
            "requires": {
                "fast-base64-decode": "^1.0.0"
            }
        },
        "react-native-reanimated": {
            "version": "2.4.1",
            "resolved": "https://registry.npmjs.org/react-native-reanimated/-/react-native-reanimated-2.4.1.tgz",
            "integrity": "sha512-kvf7ylGlwa5hxMQ+wpPFjQrI2c6eexf53/xRo+dvXBNefGmSYaYR5sFtD0XMMzIPQlkCB9tJ0Pu9+2WCQUY7Cg==",
            "dev": true,
            "requires": {
                "@babel/plugin-transform-object-assign": "^7.10.4",
                "@types/invariant": "^2.2.35",
                "invariant": "^2.2.4",
                "lodash.isequal": "^4.5.0",
                "mockdate": "^3.0.2",
                "react-native-screens": "^3.4.0",
                "string-hash-64": "^1.0.3"
            }
        },
        "react-native-screens": {
            "version": "3.13.1",
            "resolved": "https://registry.npmjs.org/react-native-screens/-/react-native-screens-3.13.1.tgz",
            "integrity": "sha512-xcrnuUs0qUrGpc2gOTDY4VgHHADQwp80mwR1prU/Q0JqbZN5W3koLhuOsT6FkSRKjR5t40l+4LcjhHdpqRB2HA==",
            "dev": true,
            "requires": {
                "react-freeze": "^1.0.0",
                "warn-once": "^0.1.0"
            }
        },
        "string-hash-64": {
            "version": "1.0.3",
            "resolved": "https://registry.npmjs.org/string-hash-64/-/string-hash-64-1.0.3.tgz",
            "integrity": "sha512-D5OKWKvDhyVWWn2x5Y9b+37NUllks34q1dCDhk/vYcso9fmhs+Tl3KR/gE4v5UNj2UA35cnX4KdVVGkG1deKqw==",
            "dev": true
        },
        "warn-once": {
            "version": "0.1.0",
            "resolved": "https://registry.npmjs.org/warn-once/-/warn-once-0.1.0.tgz",
            "integrity": "sha512-recZTSvuaH/On5ZU5ywq66y99lImWqzP93+AiUo9LUwG8gXHW+LJjhOd6REJHm7qb0niYqrEQJvbHSQfuJtTqA==",
            "dev": true
        }
    }
}
